// !$*UTF8*$!
{
	archiveVersion = 1;
	classes = {
	};
	objectVersion = 56;
	objects = {

/* Begin PBXBuildFile section */
		3A99A2982B7BBAA4008D7F8F /* LandmarksApp.swift in Sources */ = {isa = PBXBuildFile; fileRef = 3A99A2972B7BBAA4008D7F8F /* LandmarksApp.swift */; };
		3A99A29A2B7BBAA4008D7F8F /* ContentView.swift in Sources */ = {isa = PBXBuildFile; fileRef = 3A99A2992B7BBAA4008D7F8F /* ContentView.swift */; };
		3A99A29C2B7BBAA6008D7F8F /* Assets.xcassets in Resources */ = {isa = PBXBuildFile; fileRef = 3A99A29B2B7BBAA6008D7F8F /* Assets.xcassets */; };
		3A99A29F2B7BBAA6008D7F8F /* Preview Assets.xcassets in Resources */ = {isa = PBXBuildFile; fileRef = 3A99A29E2B7BBAA6008D7F8F /* Preview Assets.xcassets */; };
		3A99A2A72B7BC3D0008D7F8F /* CircleImage.swift in Sources */ = {isa = PBXBuildFile; fileRef = 3A99A2A62B7BC3D0008D7F8F /* CircleImage.swift */; };
		3A99A2AB2B7BC5A3008D7F8F /* MapView.swift in Sources */ = {isa = PBXBuildFile; fileRef = 3A99A2AA2B7BC5A3008D7F8F /* MapView.swift */; };
		3A99A2AF2B7BE483008D7F8F /* Landmark.swift in Sources */ = {isa = PBXBuildFile; fileRef = 3A99A2AE2B7BE483008D7F8F /* Landmark.swift */; };
		3A99A2B12B7BE643008D7F8F /* ModelData.swift in Sources */ = {isa = PBXBuildFile; fileRef = 3A99A2B02B7BE643008D7F8F /* ModelData.swift */; };
		3A99A2B82B7BEC06008D7F8F /* LandmarkRow.swift in Sources */ = {isa = PBXBuildFile; fileRef = 3A99A2B72B7BEC06008D7F8F /* LandmarkRow.swift */; };
		3A99A2BA2B7BEE0A008D7F8F /* LandmarkList.swift in Sources */ = {isa = PBXBuildFile; fileRef = 3A99A2B92B7BEE0A008D7F8F /* LandmarkList.swift */; };
/* End PBXBuildFile section */

/* Begin PBXFileReference section */
		3A99A2942B7BBAA4008D7F8F /* Landmarks.app */ = {isa = PBXFileReference; explicitFileType = wrapper.application; includeInIndex = 0; path = Landmarks.app; sourceTree = BUILT_PRODUCTS_DIR; };
		3A99A2972B7BBAA4008D7F8F /* LandmarksApp.swift */ = {isa = PBXFileReference; lastKnownFileType = sourcecode.swift; path = LandmarksApp.swift; sourceTree = "<group>"; };
		3A99A2992B7BBAA4008D7F8F /* ContentView.swift */ = {isa = PBXFileReference; lastKnownFileType = sourcecode.swift; path = ContentView.swift; sourceTree = "<group>"; };
		3A99A29B2B7BBAA6008D7F8F /* Assets.xcassets */ = {isa = PBXFileReference; lastKnownFileType = folder.assetcatalog; path = Assets.xcassets; sourceTree = "<group>"; };
		3A99A29E2B7BBAA6008D7F8F /* Preview Assets.xcassets */ = {isa = PBXFileReference; lastKnownFileType = folder.assetcatalog; path = "Preview Assets.xcassets"; sourceTree = "<group>"; };
		3A99A2A52B7BBBA9008D7F8F /* README.md */ = {isa = PBXFileReference; lastKnownFileType = net.daringfireball.markdown; path = README.md; sourceTree = "<group>"; };
		3A99A2A62B7BC3D0008D7F8F /* CircleImage.swift */ = {isa = PBXFileReference; lastKnownFileType = sourcecode.swift; path = CircleImage.swift; sourceTree = "<group>"; };
		3A99A2AA2B7BC5A3008D7F8F /* MapView.swift */ = {isa = PBXFileReference; lastKnownFileType = sourcecode.swift; path = MapView.swift; sourceTree = "<group>"; };
		3A99A2AE2B7BE483008D7F8F /* Landmark.swift */ = {isa = PBXFileReference; lastKnownFileType = sourcecode.swift; path = Landmark.swift; sourceTree = "<group>"; };
		3A99A2B02B7BE643008D7F8F /* ModelData.swift */ = {isa = PBXFileReference; lastKnownFileType = sourcecode.swift; path = ModelData.swift; sourceTree = "<group>"; };
		3A99A2B52B7BE82D008D7F8F /* landmarkData.json */ = {isa = PBXFileReference; lastKnownFileType = text.json; path = landmarkData.json; sourceTree = "<group>"; };
		3A99A2B72B7BEC06008D7F8F /* LandmarkRow.swift */ = {isa = PBXFileReference; lastKnownFileType = sourcecode.swift; path = LandmarkRow.swift; sourceTree = "<group>"; };
		3A99A2B92B7BEE0A008D7F8F /* LandmarkList.swift */ = {isa = PBXFileReference; lastKnownFileType = sourcecode.swift; path = LandmarkList.swift; sourceTree = "<group>"; };
/* End PBXFileReference section */

/* Begin PBXFrameworksBuildPhase section */
		3A99A2912B7BBAA4008D7F8F /* Frameworks */ = {
			isa = PBXFrameworksBuildPhase;
			buildActionMask = 2147483647;
			files = (
			);
			runOnlyForDeploymentPostprocessing = 0;
		};
/* End PBXFrameworksBuildPhase section */

/* Begin PBXGroup section */
		3A99A28B2B7BBAA4008D7F8F = {
			isa = PBXGroup;
			children = (
				3A99A2A52B7BBBA9008D7F8F /* README.md */,
				3A99A2972B7BBAA4008D7F8F /* LandmarksApp.swift */,
				3A99A2962B7BBAA4008D7F8F /* Landmarks */,
				3A99A2952B7BBAA4008D7F8F /* Products */,
			);
			sourceTree = "<group>";
		};
		3A99A2952B7BBAA4008D7F8F /* Products */ = {
			isa = PBXGroup;
			children = (
				3A99A2942B7BBAA4008D7F8F /* Landmarks.app */,
			);
			name = Products;
			sourceTree = "<group>";
		};
		3A99A2962B7BBAA4008D7F8F /* Landmarks */ = {
			isa = PBXGroup;
			children = (
				3A99A2B22B7BE7D0008D7F8F /* Views */,
				3A99A2B32B7BE7F7008D7F8F /* Model */,
				3A99A2B42B7BE81B008D7F8F /* Resources */,
				3A99A29B2B7BBAA6008D7F8F /* Assets.xcassets */,
				3A99A29D2B7BBAA6008D7F8F /* Preview Content */,
			);
			path = Landmarks;
			sourceTree = "<group>";
		};
		3A99A29D2B7BBAA6008D7F8F /* Preview Content */ = {
			isa = PBXGroup;
			children = (
				3A99A29E2B7BBAA6008D7F8F /* Preview Assets.xcassets */,
			);
			path = "Preview Content";
			sourceTree = "<group>";
		};
		3A99A2B22B7BE7D0008D7F8F /* Views */ = {
			isa = PBXGroup;
			children = (
				3A99A2992B7BBAA4008D7F8F /* ContentView.swift */,
				3A99A2AA2B7BC5A3008D7F8F /* MapView.swift */,
				3A99A2A62B7BC3D0008D7F8F /* CircleImage.swift */,
				3A99A2B72B7BEC06008D7F8F /* LandmarkRow.swift */,
				3A99A2B92B7BEE0A008D7F8F /* LandmarkList.swift */,
			);
			path = Views;
			sourceTree = "<group>";
		};
		3A99A2B32B7BE7F7008D7F8F /* Model */ = {
			isa = PBXGroup;
			children = (
				3A99A2B02B7BE643008D7F8F /* ModelData.swift */,
				3A99A2AE2B7BE483008D7F8F /* Landmark.swift */,
			);
			path = Model;
			sourceTree = "<group>";
		};
		3A99A2B42B7BE81B008D7F8F /* Resources */ = {
			isa = PBXGroup;
			children = (
				3A99A2B52B7BE82D008D7F8F /* landmarkData.json */,
			);
			path = Resources;
			sourceTree = "<group>";
		};
/* End PBXGroup section */

/* Begin PBXNativeTarget section */
		3A99A2932B7BBAA4008D7F8F /* Landmarks */ = {
			isa = PBXNativeTarget;
			buildConfigurationList = 3A99A2A22B7BBAA6008D7F8F /* Build configuration list for PBXNativeTarget "Landmarks" */;
			buildPhases = (
				3A99A2902B7BBAA4008D7F8F /* Sources */,
				3A99A2912B7BBAA4008D7F8F /* Frameworks */,
				3A99A2922B7BBAA4008D7F8F /* Resources */,
			);
			buildRules = (
			);
			dependencies = (
			);
			name = Landmarks;
			productName = Landmarks;
			productReference = 3A99A2942B7BBAA4008D7F8F /* Landmarks.app */;
			productType = "com.apple.product-type.application";
		};
/* End PBXNativeTarget section */

/* Begin PBXProject section */
		3A99A28C2B7BBAA4008D7F8F /* Project object */ = {
			isa = PBXProject;
			attributes = {
				BuildIndependentTargetsInParallel = 1;
				LastSwiftUpdateCheck = 1520;
				LastUpgradeCheck = 1520;
				TargetAttributes = {
					3A99A2932B7BBAA4008D7F8F = {
						CreatedOnToolsVersion = 15.2;
					};
				};
			};
			buildConfigurationList = 3A99A28F2B7BBAA4008D7F8F /* Build configuration list for PBXProject "Landmarks" */;
			compatibilityVersion = "Xcode 14.0";
			developmentRegion = en;
			hasScannedForEncodings = 0;
			knownRegions = (
				en,
				Base,
			);
			mainGroup = 3A99A28B2B7BBAA4008D7F8F;
			productRefGroup = 3A99A2952B7BBAA4008D7F8F /* Products */;
			projectDirPath = "";
			projectRoot = "";
			targets = (
				3A99A2932B7BBAA4008D7F8F /* Landmarks */,
			);
		};
/* End PBXProject section */

/* Begin PBXResourcesBuildPhase section */
		3A99A2922B7BBAA4008D7F8F /* Resources */ = {
			isa = PBXResourcesBuildPhase;
			buildActionMask = 2147483647;
			files = (
				3A99A29F2B7BBAA6008D7F8F /* Preview Assets.xcassets in Resources */,
				3A99A29C2B7BBAA6008D7F8F /* Assets.xcassets in Resources */,
			);
			runOnlyForDeploymentPostprocessing = 0;
		};
/* End PBXResourcesBuildPhase section */

/* Begin PBXSourcesBuildPhase section */
		3A99A2902B7BBAA4008D7F8F /* Sources */ = {
			isa = PBXSourcesBuildPhase;
			buildActionMask = 2147483647;
			files = (
				3A99A29A2B7BBAA4008D7F8F /* ContentView.swift in Sources */,
				3A99A2AB2B7BC5A3008D7F8F /* MapView.swift in Sources */,
				3A99A2982B7BBAA4008D7F8F /* LandmarksApp.swift in Sources */,
				3A99A2BA2B7BEE0A008D7F8F /* LandmarkList.swift in Sources */,
				3A99A2A72B7BC3D0008D7F8F /* CircleImage.swift in Sources */,
				3A99A2AF2B7BE483008D7F8F /* Landmark.swift in Sources */,
				3A99A2B82B7BEC06008D7F8F /* LandmarkRow.swift in Sources */,
				3A99A2B12B7BE643008D7F8F /* ModelData.swift in Sources */,
			);
			runOnlyForDeploymentPostprocessing = 0;
		};
/* End PBXSourcesBuildPhase section */

/* Begin XCBuildConfiguration section */
		3A99A2A02B7BBAA6008D7F8F /* Debug */ = {
			isa = XCBuildConfiguration;
			buildSettings = {
				ALWAYS_SEARCH_USER_PATHS = NO;
				ASSETCATALOG_COMPILER_GENERATE_SWIFT_ASSET_SYMBOL_EXTENSIONS = YES;
				CLANG_ANALYZER_NONNULL = YES;
				CLANG_ANALYZER_NUMBER_OBJECT_CONVERSION = YES_AGGRESSIVE;
				CLANG_CXX_LANGUAGE_STANDARD = "gnu++20";
				CLANG_ENABLE_MODULES = YES;
				CLANG_ENABLE_OBJC_ARC = YES;
				CLANG_ENABLE_OBJC_WEAK = YES;
				CLANG_WARN_BLOCK_CAPTURE_AUTORELEASING = YES;
				CLANG_WARN_BOOL_CONVERSION = YES;
				CLANG_WARN_COMMA = YES;
				CLANG_WARN_CONSTANT_CONVERSION = YES;
				CLANG_WARN_DEPRECATED_OBJC_IMPLEMENTATIONS = YES;
				CLANG_WARN_DIRECT_OBJC_ISA_USAGE = YES_ERROR;
				CLANG_WARN_DOCUMENTATION_COMMENTS = YES;
				CLANG_WARN_EMPTY_BODY = YES;
				CLANG_WARN_ENUM_CONVERSION = YES;
				CLANG_WARN_INFINITE_RECURSION = YES;
				CLANG_WARN_INT_CONVERSION = YES;
				CLANG_WARN_NON_LITERAL_NULL_CONVERSION = YES;
				CLANG_WARN_OBJC_IMPLICIT_RETAIN_SELF = YES;
				CLANG_WARN_OBJC_LITERAL_CONVERSION = YES;
				CLANG_WARN_OBJC_ROOT_CLASS = YES_ERROR;
				CLANG_WARN_QUOTED_INCLUDE_IN_FRAMEWORK_HEADER = YES;
				CLANG_WARN_RANGE_LOOP_ANALYSIS = YES;
				CLANG_WARN_STRICT_PROTOTYPES = YES;
				CLANG_WARN_SUSPICIOUS_MOVE = YES;
				CLANG_WARN_UNGUARDED_AVAILABILITY = YES_AGGRESSIVE;
				CLANG_WARN_UNREACHABLE_CODE = YES;
				CLANG_WARN__DUPLICATE_METHOD_MATCH = YES;
				COPY_PHASE_STRIP = NO;
				DEBUG_INFORMATION_FORMAT = dwarf;
				ENABLE_STRICT_OBJC_MSGSEND = YES;
				ENABLE_TESTABILITY = YES;
				ENABLE_USER_SCRIPT_SANDBOXING = YES;
				GCC_C_LANGUAGE_STANDARD = gnu17;
				GCC_DYNAMIC_NO_PIC = NO;
				GCC_NO_COMMON_BLOCKS = YES;
				GCC_OPTIMIZATION_LEVEL = 0;
				GCC_PREPROCESSOR_DEFINITIONS = (
					"DEBUG=1",
					"$(inherited)",
				);
				GCC_WARN_64_TO_32_BIT_CONVERSION = YES;
				GCC_WARN_ABOUT_RETURN_TYPE = YES_ERROR;
				GCC_WARN_UNDECLARED_SELECTOR = YES;
				GCC_WARN_UNINITIALIZED_AUTOS = YES_AGGRESSIVE;
				GCC_WARN_UNUSED_FUNCTION = YES;
				GCC_WARN_UNUSED_VARIABLE = YES;
				IPHONEOS_DEPLOYMENT_TARGET = 17.2;
				LOCALIZATION_PREFERS_STRING_CATALOGS = YES;
				MTL_ENABLE_DEBUG_INFO = INCLUDE_SOURCE;
				MTL_FAST_MATH = YES;
				ONLY_ACTIVE_ARCH = YES;
				SDKROOT = iphoneos;
				SWIFT_ACTIVE_COMPILATION_CONDITIONS = "DEBUG $(inherited)";
				SWIFT_OPTIMIZATION_LEVEL = "-Onone";
			};
			name = Debug;
		};
		3A99A2A12B7BBAA6008D7F8F /* Release */ = {
			isa = XCBuildConfiguration;
			buildSettings = {
				ALWAYS_SEARCH_USER_PATHS = NO;
				ASSETCATALOG_COMPILER_GENERATE_SWIFT_ASSET_SYMBOL_EXTENSIONS = YES;
				CLANG_ANALYZER_NONNULL = YES;
				CLANG_ANALYZER_NUMBER_OBJECT_CONVERSION = YES_AGGRESSIVE;
				CLANG_CXX_LANGUAGE_STANDARD = "gnu++20";
				CLANG_ENABLE_MODULES = YES;
				CLANG_ENABLE_OBJC_ARC = YES;
				CLANG_ENABLE_OBJC_WEAK = YES;
				CLANG_WARN_BLOCK_CAPTURE_AUTORELEASING = YES;
				CLANG_WARN_BOOL_CONVERSION = YES;
				CLANG_WARN_COMMA = YES;
				CLANG_WARN_CONSTANT_CONVERSION = YES;
				CLANG_WARN_DEPRECATED_OBJC_IMPLEMENTATIONS = YES;
				CLANG_WARN_DIRECT_OBJC_ISA_USAGE = YES_ERROR;
				CLANG_WARN_DOCUMENTATION_COMMENTS = YES;
				CLANG_WARN_EMPTY_BODY = YES;
				CLANG_WARN_ENUM_CONVERSION = YES;
				CLANG_WARN_INFINITE_RECURSION = YES;
				CLANG_WARN_INT_CONVERSION = YES;
				CLANG_WARN_NON_LITERAL_NULL_CONVERSION = YES;
				CLANG_WARN_OBJC_IMPLICIT_RETAIN_SELF = YES;
				CLANG_WARN_OBJC_LITERAL_CONVERSION = YES;
				CLANG_WARN_OBJC_ROOT_CLASS = YES_ERROR;
				CLANG_WARN_QUOTED_INCLUDE_IN_FRAMEWORK_HEADER = YES;
				CLANG_WARN_RANGE_LOOP_ANALYSIS = YES;
				CLANG_WARN_STRICT_PROTOTYPES = YES;
				CLANG_WARN_SUSPICIOUS_MOVE = YES;
				CLANG_WARN_UNGUARDED_AVAILABILITY = YES_AGGRESSIVE;
				CLANG_WARN_UNREACHABLE_CODE = YES;
				CLANG_WARN__DUPLICATE_METHOD_MATCH = YES;
				COPY_PHASE_STRIP = NO;
				DEBUG_INFORMATION_FORMAT = "dwarf-with-dsym";
				ENABLE_NS_ASSERTIONS = NO;
				ENABLE_STRICT_OBJC_MSGSEND = YES;
				ENABLE_USER_SCRIPT_SANDBOXING = YES;
				GCC_C_LANGUAGE_STANDARD = gnu17;
				GCC_NO_COMMON_BLOCKS = YES;
				GCC_WARN_64_TO_32_BIT_CONVERSION = YES;
				GCC_WARN_ABOUT_RETURN_TYPE = YES_ERROR;
				GCC_WARN_UNDECLARED_SELECTOR = YES;
				GCC_WARN_UNINITIALIZED_AUTOS = YES_AGGRESSIVE;
				GCC_WARN_UNUSED_FUNCTION = YES;
				GCC_WARN_UNUSED_VARIABLE = YES;
				IPHONEOS_DEPLOYMENT_TARGET = 17.2;
				LOCALIZATION_PREFERS_STRING_CATALOGS = YES;
				MTL_ENABLE_DEBUG_INFO = NO;
				MTL_FAST_MATH = YES;
				SDKROOT = iphoneos;
				SWIFT_COMPILATION_MODE = wholemodule;
				VALIDATE_PRODUCT = YES;
			};
			name = Release;
		};
		3A99A2A32B7BBAA6008D7F8F /* Debug */ = {
			isa = XCBuildConfiguration;
			buildSettings = {
				ASSETCATALOG_COMPILER_APPICON_NAME = AppIcon;
				ASSETCATALOG_COMPILER_GLOBAL_ACCENT_COLOR_NAME = AccentColor;
				CODE_SIGN_STYLE = Automatic;
				CURRENT_PROJECT_VERSION = 1;
				DEVELOPMENT_ASSET_PATHS = "\"Landmarks/Preview Content\"";
				ENABLE_PREVIEWS = YES;
				GENERATE_INFOPLIST_FILE = YES;
				INFOPLIST_KEY_UIApplicationSceneManifest_Generation = YES;
				INFOPLIST_KEY_UIApplicationSupportsIndirectInputEvents = YES;
				INFOPLIST_KEY_UILaunchScreen_Generation = YES;
				INFOPLIST_KEY_UISupportedInterfaceOrientations_iPad = "UIInterfaceOrientationPortrait UIInterfaceOrientationPortraitUpsideDown UIInterfaceOrientationLandscapeLeft UIInterfaceOrientationLandscapeRight";
				INFOPLIST_KEY_UISupportedInterfaceOrientations_iPhone = "UIInterfaceOrientationPortrait UIInterfaceOrientationLandscapeLeft UIInterfaceOrientationLandscapeRight";
				LD_RUNPATH_SEARCH_PATHS = (
					"$(inherited)",
					"@executable_path/Frameworks",
				);
				MARKETING_VERSION = 1.0;
				PRODUCT_BUNDLE_IDENTIFIER = shanetest.Landmarks;
				PRODUCT_NAME = "$(TARGET_NAME)";
				SWIFT_EMIT_LOC_STRINGS = YES;
				SWIFT_VERSION = 5.0;
				TARGETED_DEVICE_FAMILY = "1,2";
			};
			name = Debug;
		};
		3A99A2A42B7BBAA6008D7F8F /* Release */ = {
			isa = XCBuildConfiguration;
			buildSettings = {
				ASSETCATALOG_COMPILER_APPICON_NAME = AppIcon;
				ASSETCATALOG_COMPILER_GLOBAL_ACCENT_COLOR_NAME = AccentColor;
				CODE_SIGN_STYLE = Automatic;
				CURRENT_PROJECT_VERSION = 1;
				DEVELOPMENT_ASSET_PATHS = "\"Landmarks/Preview Content\"";
				ENABLE_PREVIEWS = YES;
				GENERATE_INFOPLIST_FILE = YES;
				INFOPLIST_KEY_UIApplicationSceneManifest_Generation = YES;
				INFOPLIST_KEY_UIApplicationSupportsIndirectInputEvents = YES;
				INFOPLIST_KEY_UILaunchScreen_Generation = YES;
				INFOPLIST_KEY_UISupportedInterfaceOrientations_iPad = "UIInterfaceOrientationPortrait UIInterfaceOrientationPortraitUpsideDown UIInterfaceOrientationLandscapeLeft UIInterfaceOrientationLandscapeRight";
				INFOPLIST_KEY_UISupportedInterfaceOrientations_iPhone = "UIInterfaceOrientationPortrait UIInterfaceOrientationLandscapeLeft UIInterfaceOrientationLandscapeRight";
				LD_RUNPATH_SEARCH_PATHS = (
					"$(inherited)",
					"@executable_path/Frameworks",
				);
				MARKETING_VERSION = 1.0;
				PRODUCT_BUNDLE_IDENTIFIER = shanetest.Landmarks;
				PRODUCT_NAME = "$(TARGET_NAME)";
				SWIFT_EMIT_LOC_STRINGS = YES;
				SWIFT_VERSION = 5.0;
				TARGETED_DEVICE_FAMILY = "1,2";
			};
			name = Release;
		};
/* End XCBuildConfiguration section */

/* Begin XCConfigurationList section */
		3A99A28F2B7BBAA4008D7F8F /* Build configuration list for PBXProject "Landmarks" */ = {
			isa = XCConfigurationList;
			buildConfigurations = (
				3A99A2A02B7BBAA6008D7F8F /* Debug */,
				3A99A2A12B7BBAA6008D7F8F /* Release */,
			);
			defaultConfigurationIsVisible = 0;
			defaultConfigurationName = Release;
		};
		3A99A2A22B7BBAA6008D7F8F /* Build configuration list for PBXNativeTarget "Landmarks" */ = {
			isa = XCConfigurationList;
			buildConfigurations = (
				3A99A2A32B7BBAA6008D7F8F /* Debug */,
				3A99A2A42B7BBAA6008D7F8F /* Release */,
			);
			defaultConfigurationIsVisible = 0;
			defaultConfigurationName = Release;
		};
/* End XCConfigurationList section */
	};
	rootObject = 3A99A28C2B7BBAA4008D7F8F /* Project object */;
}
